
Microsoft Visual Studio Solution File, Format Version 12.00
# Visual Studio Version 16
VisualStudioVersion = 16.0.30621.155
MinimumVisualStudioVersion = 10.0.40219.1
Project("{9A19103F-16F7-4668-BE54-9A1E7A4F7556}") = "DevIO.Api", "src\DevIO.Api\DevIO.Api.csproj", "{B4633A32-F429-4EE7-BE9F-D85893FB4F23}"
EndProject
Project("{9A19103F-16F7-4668-BE54-9A1E7A4F7556}") = "DevIO.Business", "src\DevIO.Business\DevIO.Business.csproj", "{8919DD40-6140-4AB0-8A15-84C6B02570A0}"
EndProject
Project("{9A19103F-16F7-4668-BE54-9A1E7A4F7556}") = "DevIO.Data", "src\DevIO.Data\DevIO.Data.csproj", "{74D141BE-4A02-4FA9-B4DD-3A1FD9EA6DFC}"
EndProject
Global
	GlobalSection(SolutionConfigurationPlatforms) = preSolution
		Debug|Any CPU = Debug|Any CPU
		Release|Any CPU = Release|Any CPU
	EndGlobalSection
	GlobalSection(ProjectConfigurationPlatforms) = postSolution
		{B4633A32-F429-4EE7-BE9F-D85893FB4F23}.Debug|Any CPU.ActiveCfg = Debug|Any CPU
		{B4633A32-F429-4EE7-BE9F-D85893FB4F23}.Debug|Any CPU.Build.0 = Debug|Any CPU
		{B4633A32-F429-4EE7-BE9F-D85893FB4F23}.Release|Any CPU.ActiveCfg = Release|Any CPU
		{B4633A32-F429-4EE7-BE9F-D85893FB4F23}.Release|Any CPU.Build.0 = Release|Any CPU
		{8919DD40-6140-4AB0-8A15-84C6B02570A0}.Debug|Any CPU.ActiveCfg = Debug|Any CPU
		{8919DD40-6140-4AB0-8A15-84C6B02570A0}.Debug|Any CPU.Build.0 = Debug|Any CPU
		{8919DD40-6140-4AB0-8A15-84C6B02570A0}.Release|Any CPU.ActiveCfg = Release|Any CPU
		{8919DD40-6140-4AB0-8A15-84C6B02570A0}.Release|Any CPU.Build.0 = Release|Any CPU
		{74D141BE-4A02-4FA9-B4DD-3A1FD9EA6DFC}.Debug|Any CPU.ActiveCfg = Debug|Any CPU
		{74D141BE-4A02-4FA9-B4DD-3A1FD9EA6DFC}.Debug|Any CPU.Build.0 = Debug|Any CPU
		{74D141BE-4A02-4FA9-B4DD-3A1FD9EA6DFC}.Release|Any CPU.ActiveCfg = Release|Any CPU
		{74D141BE-4A02-4FA9-B4DD-3A1FD9EA6DFC}.Release|Any CPU.Build.0 = Release|Any CPU
	EndGlobalSection
	GlobalSection(SolutionProperties) = preSolution
		HideSolutionNode = FALSE
	EndGlobalSection
	GlobalSection(ExtensibilityGlobals) = postSolution
		SolutionGuid = {E018F9FA-3FD2-4ADA-9DCF-5E4FF5209596}
	EndGlobalSection
EndGlobal
